
Microsoft Visual Studio Solution File, Format Version 12.00
# Visual Studio Version 16
VisualStudioVersion = 16.0.30503.244
MinimumVisualStudioVersion = 10.0.40219.1
Project("{FAE04EC0-301F-11D3-BF4B-00C04F79EFBC}") = "ElectronicShop.Domain", "ElectronicShop.Domain\ElectronicShop.Domain.csproj", "{A37CBE77-2CF1-4D97-B4CB-5224E625E9FB}"
EndProject
Global
	GlobalSection(SolutionConfigurationPlatforms) = preSolution
		Debug|Any CPU = Debug|Any CPU
		Release|Any CPU = Release|Any CPU
	EndGlobalSection
	GlobalSection(ProjectConfigurationPlatforms) = postSolution
		{A37CBE77-2CF1-4D97-B4CB-5224E625E9FB}.Debug|Any CPU.ActiveCfg = Debug|Any CPU
		{A37CBE77-2CF1-4D97-B4CB-5224E625E9FB}.Debug|Any CPU.Build.0 = Debug|Any CPU
		{A37CBE77-2CF1-4D97-B4CB-5224E625E9FB}.Release|Any CPU.ActiveCfg = Release|Any CPU
		{A37CBE77-2CF1-4D97-B4CB-5224E625E9FB}.Release|Any CPU.Build.0 = Release|Any CPU
	EndGlobalSection
	GlobalSection(SolutionProperties) = preSolution
		HideSolutionNode = FALSE
	EndGlobalSection
	GlobalSection(ExtensibilityGlobals) = postSolution
		SolutionGuid = {A870CB5C-3041-414E-BE8B-2B04DFF49098}
	EndGlobalSection
EndGlobal
